// !$*UTF8*$!
{
	archiveVersion = 1;
	classes = {
	};
	objectVersion = 46;
	objects = {

/* Begin PBXGroup section */
		18664ED1156D741100E29E64 = {
			isa = PBXGroup;
			children = (
			);
			sourceTree = "<group>";
		};
/* End PBXGroup section */

/* Begin PBXProject section */
		18664ED3156D741100E29E64 /* Project object */ = {
			isa = PBXProject;
			attributes = {
				LastUpgradeCheck = 0430;
				ORGANIZATIONNAME = "Ooghamist LLC";
			};
			buildConfigurationList = 18664ED6156D741100E29E64 /* Build configuration list for PBXProject "SCZ-BasicEncodingRules-iOS" */;
			compatibilityVersion = "Xcode 3.2";
			developmentRegion = English;
			hasScannedForEncodings = 0;
			knownRegions = (
				en,
			);
			mainGroup = 18664ED1156D741100E29E64;
			projectDirPath = "";
			projectRoot = "";
			targets = (
			);
		};
/* End PBXProject section */

/* Begin XCBuildConfiguration section */
		18664ED8156D741100E29E64 /* Debug */ = {
			isa = XCBuildConfiguration;
			buildSettings = {
			};
			name = Debug;
		};
		18664ED9156D741100E29E64 /* Release */ = {
			isa = XCBuildConfiguration;
			buildSettings = {
			};
			name = Release;
		};
/* End XCBuildConfiguration section */

/* Begin XCConfigurationList section */
		18664ED6156D741100E29E64 /* Build configuration list for PBXProject "SCZ-BasicEncodingRules-iOS" */ = {
			isa = XCConfigurationList;
			buildConfigurations = (
				18664ED8156D741100E29E64 /* Debug */,
				18664ED9156D741100E29E64 /* Release */,
			);
			defaultConfigurationIsVisible = 0;
			defaultConfigurationName = Release;
		};
/* End XCConfigurationList section */
	};
	rootObject = 18664ED3156D741100E29E64 /* Project object */;
}
